
Microsoft Visual Studio Solution File, Format Version 12.00
# Visual Studio 2013
VisualStudioVersion = 12.0.31101.0
MinimumVisualStudioVersion = 10.0.40219.1
Project("{FAE04EC0-301F-11D3-BF4B-00C04F79EFBC}") = "Alx.Web", "Alx.Web\Alx.Web.csproj", "{747E3BAD-B28E-4F39-868F-CB6CF8C29472}"
EndProject
Project("{FAE04EC0-301F-11D3-BF4B-00C04F79EFBC}") = "Alx.Web.Tests", "Alx.Web.Tests\Alx.Web.Tests.csproj", "{B89B58CE-846E-45F8-BF9B-2274EE89DEF3}"
EndProject
Global
	GlobalSection(SolutionConfigurationPlatforms) = preSolution
		Debug|Any CPU = Debug|Any CPU
		Release|Any CPU = Release|Any CPU
	EndGlobalSection
	GlobalSection(ProjectConfigurationPlatforms) = postSolution
		{747E3BAD-B28E-4F39-868F-CB6CF8C29472}.Debug|Any CPU.ActiveCfg = Debug|Any CPU
		{747E3BAD-B28E-4F39-868F-CB6CF8C29472}.Debug|Any CPU.Build.0 = Debug|Any CPU
		{747E3BAD-B28E-4F39-868F-CB6CF8C29472}.Release|Any CPU.ActiveCfg = Release|Any CPU
		{747E3BAD-B28E-4F39-868F-CB6CF8C29472}.Release|Any CPU.Build.0 = Release|Any CPU
		{B89B58CE-846E-45F8-BF9B-2274EE89DEF3}.Debug|Any CPU.ActiveCfg = Debug|Any CPU
		{B89B58CE-846E-45F8-BF9B-2274EE89DEF3}.Debug|Any CPU.Build.0 = Debug|Any CPU
		{B89B58CE-846E-45F8-BF9B-2274EE89DEF3}.Release|Any CPU.ActiveCfg = Release|Any CPU
		{B89B58CE-846E-45F8-BF9B-2274EE89DEF3}.Release|Any CPU.Build.0 = Release|Any CPU
	EndGlobalSection
	GlobalSection(SolutionProperties) = preSolution
		HideSolutionNode = FALSE
	EndGlobalSection
EndGlobal
